Microsoft Visual Studio Solution File, Format Version 12.00
# Visual Studio Version 16
VisualStudioVersion = 16.0.29306.81
MinimumVisualStudioVersion = 10.0.40219.1
Project("{FAE04EC0-301F-11D3-BF4B-00C04F79EFBC}") = "PSPo2 Save Editor", "PSPo2 Save Editor\PSPo2 Save Editor.csproj", "{11DBABDC-28A3-4C73-980C-522CF02E4F6F}"
EndProject
Project("{FAE04EC0-301F-11D3-BF4B-00C04F79EFBC}") = "PSPo2i Save Editor", "PSPo2i Save Editor\PSPo2i Save Editor.csproj", "{6ABACA79-DB27-4DD6-9419-7B5A11BF0614}"
EndProject
Global
	GlobalSection(SolutionConfigurationPlatforms) = preSolution
		Debug|Any CPU = Debug|Any CPU
		Release|Any CPU = Release|Any CPU
	EndGlobalSection
	GlobalSection(ProjectConfigurationPlatforms) = postSolution
		{11DBABDC-28A3-4C73-980C-522CF02E4F6F}.Debug|Any CPU.ActiveCfg = Debug|Any CPU
		{11DBABDC-28A3-4C73-980C-522CF02E4F6F}.Debug|Any CPU.Build.0 = Debug|Any CPU
		{11DBABDC-28A3-4C73-980C-522CF02E4F6F}.Release|Any CPU.ActiveCfg = Release|Any CPU
		{11DBABDC-28A3-4C73-980C-522CF02E4F6F}.Release|Any CPU.Build.0 = Release|Any CPU
		{6ABACA79-DB27-4DD6-9419-7B5A11BF0614}.Debug|Any CPU.ActiveCfg = Debug|Any CPU
		{6ABACA79-DB27-4DD6-9419-7B5A11BF0614}.Debug|Any CPU.Build.0 = Debug|Any CPU
		{6ABACA79-DB27-4DD6-9419-7B5A11BF0614}.Release|Any CPU.ActiveCfg = Release|Any CPU
		{6ABACA79-DB27-4DD6-9419-7B5A11BF0614}.Release|Any CPU.Build.0 = Release|Any CPU
	EndGlobalSection
	GlobalSection(SolutionProperties) = preSolution
		HideSolutionNode = FALSE
	EndGlobalSection
	GlobalSection(ExtensibilityGlobals) = postSolution
		SolutionGuid = {5BBBF954-0E3E-48A3-A96B-5DCBC832A600}
	EndGlobalSection
EndGlobal
