
Microsoft Visual Studio Solution File, Format Version 12.00
# Visual Studio Version 16
VisualStudioVersion = 16.0.30717.126
MinimumVisualStudioVersion = 10.0.40219.1
Project("{FAE04EC0-301F-11D3-BF4B-00C04F79EFBC}") = "PSPo2iSaveEditor", "PSPo2iSaveEditor\PSPo2iSaveEditor.csproj", "{F737746B-EAE4-4D4B-AA7E-E63595259FA2}"
EndProject
Global
	GlobalSection(SolutionConfigurationPlatforms) = preSolution
		Debug|Any CPU = Debug|Any CPU
		Release|Any CPU = Release|Any CPU
	EndGlobalSection
	GlobalSection(ProjectConfigurationPlatforms) = postSolution
		{F737746B-EAE4-4D4B-AA7E-E63595259FA2}.Debug|Any CPU.ActiveCfg = Debug|Any CPU
		{F737746B-EAE4-4D4B-AA7E-E63595259FA2}.Debug|Any CPU.Build.0 = Debug|Any CPU
		{F737746B-EAE4-4D4B-AA7E-E63595259FA2}.Release|Any CPU.ActiveCfg = Release|Any CPU
		{F737746B-EAE4-4D4B-AA7E-E63595259FA2}.Release|Any CPU.Build.0 = Release|Any CPU
	EndGlobalSection
	GlobalSection(SolutionProperties) = preSolution
		HideSolutionNode = FALSE
	EndGlobalSection
	GlobalSection(ExtensibilityGlobals) = postSolution
		SolutionGuid = {A6C6CD39-3E54-47E5-88A5-7800BB75A898}
	EndGlobalSection
EndGlobal
